
Microsoft Visual Studio Solution File, Format Version 12.00
# Visual Studio Version 16
VisualStudioVersion = 25.0.1706.8
MinimumVisualStudioVersion = 10.0.40219.1
Project("{FAE04EC0-301F-11D3-BF4B-00C04F79EFBC}") = "exercise6", "exercise6\exercise6.csproj", "{6423D166-B0C4-40CF-B88B-65F967E7F7B6}"
EndProject
Global
	GlobalSection(SolutionConfigurationPlatforms) = preSolution
		Debug|Any CPU = Debug|Any CPU
		Release|Any CPU = Release|Any CPU
	EndGlobalSection
	GlobalSection(ProjectConfigurationPlatforms) = postSolution
		{6423D166-B0C4-40CF-B88B-65F967E7F7B6}.Debug|Any CPU.ActiveCfg = Debug|Any CPU
		{6423D166-B0C4-40CF-B88B-65F967E7F7B6}.Debug|Any CPU.Build.0 = Debug|Any CPU
		{6423D166-B0C4-40CF-B88B-65F967E7F7B6}.Release|Any CPU.ActiveCfg = Release|Any CPU
		{6423D166-B0C4-40CF-B88B-65F967E7F7B6}.Release|Any CPU.Build.0 = Release|Any CPU
	EndGlobalSection
	GlobalSection(SolutionProperties) = preSolution
		HideSolutionNode = FALSE
	EndGlobalSection
	GlobalSection(ExtensibilityGlobals) = postSolution
		SolutionGuid = {A4B25A42-19D7-4201-AB4D-39FBE8C7D750}
	EndGlobalSection
EndGlobal
